
Microsoft Visual Studio Solution File, Format Version 12.00
# Visual Studio Version 17
VisualStudioVersion = 17.1.32414.318
MinimumVisualStudioVersion = 10.0.40219.1
Project("{FAE04EC0-301F-11D3-BF4B-00C04F79EFBC}") = "BMICalculator", "BMICalculator\BMICalculator.csproj", "{0FEC4454-19EC-446B-8CAE-D7277126461C}"
EndProject
Global
	GlobalSection(SolutionConfigurationPlatforms) = preSolution
		Debug|Any CPU = Debug|Any CPU
		Release|Any CPU = Release|Any CPU
	EndGlobalSection
	GlobalSection(ProjectConfigurationPlatforms) = postSolution
		{0FEC4454-19EC-446B-8CAE-D7277126461C}.Debug|Any CPU.ActiveCfg = Debug|Any CPU
		{0FEC4454-19EC-446B-8CAE-D7277126461C}.Debug|Any CPU.Build.0 = Debug|Any CPU
		{0FEC4454-19EC-446B-8CAE-D7277126461C}.Release|Any CPU.ActiveCfg = Release|Any CPU
		{0FEC4454-19EC-446B-8CAE-D7277126461C}.Release|Any CPU.Build.0 = Release|Any CPU
	EndGlobalSection
	GlobalSection(SolutionProperties) = preSolution
		HideSolutionNode = FALSE
	EndGlobalSection
	GlobalSection(ExtensibilityGlobals) = postSolution
		SolutionGuid = {8FD1EA57-96CE-43D3-B936-889E5088FA14}
	EndGlobalSection
EndGlobal
